// !$*UTF8*$!
{
	archiveVersion = 1;
	classes = {
	};
	objectVersion = 56;
	objects = {

/* Begin PBXBuildFile section */
		EF4165672BAE9D75007BB3C2 /* AppDelegate.swift in Sources */ = {isa = PBXBuildFile; fileRef = EF4165662BAE9D75007BB3C2 /* AppDelegate.swift */; };
		EF4165692BAE9D75007BB3C2 /* SceneDelegate.swift in Sources */ = {isa = PBXBuildFile; fileRef = EF4165682BAE9D75007BB3C2 /* SceneDelegate.swift */; };
		EF4165702BAE9D78007BB3C2 /* Assets.xcassets in Resources */ = {isa = PBXBuildFile; fileRef = EF41656F2BAE9D78007BB3C2 /* Assets.xcassets */; };
		EF41657F2BAEA11B007BB3C2 /* Coordinator.swift in Sources */ = {isa = PBXBuildFile; fileRef = EF41657E2BAEA11B007BB3C2 /* Coordinator.swift */; };
		EF4165812BAEA182007BB3C2 /* MainCoordinator.swift in Sources */ = {isa = PBXBuildFile; fileRef = EF4165802BAEA182007BB3C2 /* MainCoordinator.swift */; };
		EF4165832BAEA1FA007BB3C2 /* MainFabric.swift in Sources */ = {isa = PBXBuildFile; fileRef = EF4165822BAEA1FA007BB3C2 /* MainFabric.swift */; };
		EF4165862BAEA7D3007BB3C2 /* AutoLayoutExtension.swift in Sources */ = {isa = PBXBuildFile; fileRef = EF4165852BAEA7D3007BB3C2 /* AutoLayoutExtension.swift */; };
		EF4165882BAEA804007BB3C2 /* ConfigurableProtocol.swift in Sources */ = {isa = PBXBuildFile; fileRef = EF4165872BAEA804007BB3C2 /* ConfigurableProtocol.swift */; };
		EF41658A2BAEAA4F007BB3C2 /* MainScreenView.swift in Sources */ = {isa = PBXBuildFile; fileRef = EF4165892BAEAA4F007BB3C2 /* MainScreenView.swift */; };
		EF41658C2BAEAA61007BB3C2 /* MainScreenViewModel.swift in Sources */ = {isa = PBXBuildFile; fileRef = EF41658B2BAEAA61007BB3C2 /* MainScreenViewModel.swift */; };
		EF41658E2BAEB158007BB3C2 /* LocationService.swift in Sources */ = {isa = PBXBuildFile; fileRef = EF41658D2BAEB158007BB3C2 /* LocationService.swift */; };
		EF4165902BAEB17A007BB3C2 /* LocationSelectorView.swift in Sources */ = {isa = PBXBuildFile; fileRef = EF41658F2BAEB17A007BB3C2 /* LocationSelectorView.swift */; };
		EF4165922BAEB19E007BB3C2 /* LocationSelectorViewModel.swift in Sources */ = {isa = PBXBuildFile; fileRef = EF4165912BAEB19E007BB3C2 /* LocationSelectorViewModel.swift */; };
		EF4165942BAEBBCE007BB3C2 /* DailyWeatherTableCell.swift in Sources */ = {isa = PBXBuildFile; fileRef = EF4165932BAEBBCE007BB3C2 /* DailyWeatherTableCell.swift */; };
		EF4165962BAEBBE7007BB3C2 /* DailyWeatherTableCellModel.swift in Sources */ = {isa = PBXBuildFile; fileRef = EF4165952BAEBBE7007BB3C2 /* DailyWeatherTableCellModel.swift */; };
		EF4165982BAEBCB2007BB3C2 /* CurrentWeatherTableCell.swift in Sources */ = {isa = PBXBuildFile; fileRef = EF4165972BAEBCB2007BB3C2 /* CurrentWeatherTableCell.swift */; };
		EF41659A2BAEBCCA007BB3C2 /* CurrentWeatherTableCellModel.swift in Sources */ = {isa = PBXBuildFile; fileRef = EF4165992BAEBCCA007BB3C2 /* CurrentWeatherTableCellModel.swift */; };
		EF41659E2BAECD66007BB3C2 /* CustomColorsEnum.swift in Sources */ = {isa = PBXBuildFile; fileRef = EF41659D2BAECD66007BB3C2 /* CustomColorsEnum.swift */; };
		EF4165A02BAED4AC007BB3C2 /* WeatherIcon.swift in Sources */ = {isa = PBXBuildFile; fileRef = EF41659F2BAED4AC007BB3C2 /* WeatherIcon.swift */; };
		EF4165A22BAEDD0A007BB3C2 /* CurrentWeatherModel.swift in Sources */ = {isa = PBXBuildFile; fileRef = EF4165A12BAEDD0A007BB3C2 /* CurrentWeatherModel.swift */; };
		EF4165A62BAEDDE3007BB3C2 /* ForecastService.swift in Sources */ = {isa = PBXBuildFile; fileRef = EF4165A52BAEDDE3007BB3C2 /* ForecastService.swift */; };
		EF4165A82BAEE255007BB3C2 /* Keys.plist in Resources */ = {isa = PBXBuildFile; fileRef = EF4165A72BAEE255007BB3C2 /* Keys.plist */; };
		EFC0967D2BAF30A70077CAC5 /* DailyWeatherModel.swift in Sources */ = {isa = PBXBuildFile; fileRef = EFC0967C2BAF30A70077CAC5 /* DailyWeatherModel.swift */; };
/* End PBXBuildFile section */

/* Begin PBXFileReference section */
		EF4165632BAE9D75007BB3C2 /* VKWeather.app */ = {isa = PBXFileReference; explicitFileType = wrapper.application; includeInIndex = 0; path = VKWeather.app; sourceTree = BUILT_PRODUCTS_DIR; };
		EF4165662BAE9D75007BB3C2 /* AppDelegate.swift */ = {isa = PBXFileReference; lastKnownFileType = sourcecode.swift; path = AppDelegate.swift; sourceTree = "<group>"; };
		EF4165682BAE9D75007BB3C2 /* SceneDelegate.swift */ = {isa = PBXFileReference; lastKnownFileType = sourcecode.swift; path = SceneDelegate.swift; sourceTree = "<group>"; };
		EF41656F2BAE9D78007BB3C2 /* Assets.xcassets */ = {isa = PBXFileReference; lastKnownFileType = folder.assetcatalog; path = Assets.xcassets; sourceTree = "<group>"; };
		EF4165742BAE9D78007BB3C2 /* Info.plist */ = {isa = PBXFileReference; lastKnownFileType = text.plist.xml; path = Info.plist; sourceTree = "<group>"; };
		EF41657E2BAEA11B007BB3C2 /* Coordinator.swift */ = {isa = PBXFileReference; lastKnownFileType = sourcecode.swift; path = Coordinator.swift; sourceTree = "<group>"; };
		EF4165802BAEA182007BB3C2 /* MainCoordinator.swift */ = {isa = PBXFileReference; lastKnownFileType = sourcecode.swift; path = MainCoordinator.swift; sourceTree = "<group>"; };
		EF4165822BAEA1FA007BB3C2 /* MainFabric.swift */ = {isa = PBXFileReference; lastKnownFileType = sourcecode.swift; path = MainFabric.swift; sourceTree = "<group>"; };
		EF4165852BAEA7D3007BB3C2 /* AutoLayoutExtension.swift */ = {isa = PBXFileReference; lastKnownFileType = sourcecode.swift; path = AutoLayoutExtension.swift; sourceTree = "<group>"; };
		EF4165872BAEA804007BB3C2 /* ConfigurableProtocol.swift */ = {isa = PBXFileReference; lastKnownFileType = sourcecode.swift; path = ConfigurableProtocol.swift; sourceTree = "<group>"; };
		EF4165892BAEAA4F007BB3C2 /* MainScreenView.swift */ = {isa = PBXFileReference; lastKnownFileType = sourcecode.swift; path = MainScreenView.swift; sourceTree = "<group>"; };
		EF41658B2BAEAA61007BB3C2 /* MainScreenViewModel.swift */ = {isa = PBXFileReference; lastKnownFileType = sourcecode.swift; path = MainScreenViewModel.swift; sourceTree = "<group>"; };
		EF41658D2BAEB158007BB3C2 /* LocationService.swift */ = {isa = PBXFileReference; lastKnownFileType = sourcecode.swift; path = LocationService.swift; sourceTree = "<group>"; };
		EF41658F2BAEB17A007BB3C2 /* LocationSelectorView.swift */ = {isa = PBXFileReference; lastKnownFileType = sourcecode.swift; path = LocationSelectorView.swift; sourceTree = "<group>"; };
		EF4165912BAEB19E007BB3C2 /* LocationSelectorViewModel.swift */ = {isa = PBXFileReference; lastKnownFileType = sourcecode.swift; path = LocationSelectorViewModel.swift; sourceTree = "<group>"; };
		EF4165932BAEBBCE007BB3C2 /* DailyWeatherTableCell.swift */ = {isa = PBXFileReference; lastKnownFileType = sourcecode.swift; path = DailyWeatherTableCell.swift; sourceTree = "<group>"; };
		EF4165952BAEBBE7007BB3C2 /* DailyWeatherTableCellModel.swift */ = {isa = PBXFileReference; lastKnownFileType = sourcecode.swift; path = DailyWeatherTableCellModel.swift; sourceTree = "<group>"; };
		EF4165972BAEBCB2007BB3C2 /* CurrentWeatherTableCell.swift */ = {isa = PBXFileReference; lastKnownFileType = sourcecode.swift; path = CurrentWeatherTableCell.swift; sourceTree = "<group>"; };
		EF4165992BAEBCCA007BB3C2 /* CurrentWeatherTableCellModel.swift */ = {isa = PBXFileReference; lastKnownFileType = sourcecode.swift; path = CurrentWeatherTableCellModel.swift; sourceTree = "<group>"; };
		EF41659D2BAECD66007BB3C2 /* CustomColorsEnum.swift */ = {isa = PBXFileReference; lastKnownFileType = sourcecode.swift; path = CustomColorsEnum.swift; sourceTree = "<group>"; };
		EF41659F2BAED4AC007BB3C2 /* WeatherIcon.swift */ = {isa = PBXFileReference; lastKnownFileType = sourcecode.swift; path = WeatherIcon.swift; sourceTree = "<group>"; };
		EF4165A12BAEDD0A007BB3C2 /* CurrentWeatherModel.swift */ = {isa = PBXFileReference; lastKnownFileType = sourcecode.swift; path = CurrentWeatherModel.swift; sourceTree = "<group>"; };
		EF4165A52BAEDDE3007BB3C2 /* ForecastService.swift */ = {isa = PBXFileReference; lastKnownFileType = sourcecode.swift; path = ForecastService.swift; sourceTree = "<group>"; };
		EF4165A72BAEE255007BB3C2 /* Keys.plist */ = {isa = PBXFileReference; lastKnownFileType = text.plist.xml; path = Keys.plist; sourceTree = "<group>"; };
		EFC0967C2BAF30A70077CAC5 /* DailyWeatherModel.swift */ = {isa = PBXFileReference; lastKnownFileType = sourcecode.swift; path = DailyWeatherModel.swift; sourceTree = "<group>"; };
/* End PBXFileReference section */

/* Begin PBXFrameworksBuildPhase section */
		EF4165602BAE9D75007BB3C2 /* Frameworks */ = {
			isa = PBXFrameworksBuildPhase;
			buildActionMask = 2147483647;
			files = (
			);
			runOnlyForDeploymentPostprocessing = 0;
		};
/* End PBXFrameworksBuildPhase section */

/* Begin PBXGroup section */
		EF41655A2BAE9D75007BB3C2 = {
			isa = PBXGroup;
			children = (
				EF4165652BAE9D75007BB3C2 /* VKWeather */,
				EF4165642BAE9D75007BB3C2 /* Products */,
			);
			sourceTree = "<group>";
		};
		EF4165642BAE9D75007BB3C2 /* Products */ = {
			isa = PBXGroup;
			children = (
				EF4165632BAE9D75007BB3C2 /* VKWeather.app */,
			);
			name = Products;
			sourceTree = "<group>";
		};
		EF4165652BAE9D75007BB3C2 /* VKWeather */ = {
			isa = PBXGroup;
			children = (
				EF41657A2BAEA037007BB3C2 /* Navigation */,
				EF41657B2BAEA04C007BB3C2 /* NetworkService */,
				EF41657D2BAEA074007BB3C2 /* LocationService */,
				EF41657C2BAEA065007BB3C2 /* MainScreen */,
				EF4165842BAEA7C1007BB3C2 /* Helpers */,
				EF4165662BAE9D75007BB3C2 /* AppDelegate.swift */,
				EF4165682BAE9D75007BB3C2 /* SceneDelegate.swift */,
				EF41656F2BAE9D78007BB3C2 /* Assets.xcassets */,
				EF4165742BAE9D78007BB3C2 /* Info.plist */,
			);
			path = VKWeather;
			sourceTree = "<group>";
		};
		EF41657A2BAEA037007BB3C2 /* Navigation */ = {
			isa = PBXGroup;
			children = (
				EF41657E2BAEA11B007BB3C2 /* Coordinator.swift */,
				EF4165802BAEA182007BB3C2 /* MainCoordinator.swift */,
				EF4165822BAEA1FA007BB3C2 /* MainFabric.swift */,
			);
			path = Navigation;
			sourceTree = "<group>";
		};
		EF41657B2BAEA04C007BB3C2 /* NetworkService */ = {
			isa = PBXGroup;
			children = (
				EF4165A72BAEE255007BB3C2 /* Keys.plist */,
				EF4165A52BAEDDE3007BB3C2 /* ForecastService.swift */,
				EF4165A12BAEDD0A007BB3C2 /* CurrentWeatherModel.swift */,
				EFC0967C2BAF30A70077CAC5 /* DailyWeatherModel.swift */,
				EF41659F2BAED4AC007BB3C2 /* WeatherIcon.swift */,
			);
			path = NetworkService;
			sourceTree = "<group>";
		};
		EF41657C2BAEA065007BB3C2 /* MainScreen */ = {
			isa = PBXGroup;
			children = (
				EF41659B2BAEBCD4007BB3C2 /* CurrentWeather */,
				EF41659C2BAEBD6E007BB3C2 /* DailyWeather */,
				EF4165892BAEAA4F007BB3C2 /* MainScreenView.swift */,
				EF41658B2BAEAA61007BB3C2 /* MainScreenViewModel.swift */,
			);
			path = MainScreen;
			sourceTree = "<group>";
		};
		EF41657D2BAEA074007BB3C2 /* LocationService */ = {
			isa = PBXGroup;
			children = (
				EF41658D2BAEB158007BB3C2 /* LocationService.swift */,
				EF41658F2BAEB17A007BB3C2 /* LocationSelectorView.swift */,
				EF4165912BAEB19E007BB3C2 /* LocationSelectorViewModel.swift */,
			);
			path = LocationService;
			sourceTree = "<group>";
		};
		EF4165842BAEA7C1007BB3C2 /* Helpers */ = {
			isa = PBXGroup;
			children = (
				EF4165852BAEA7D3007BB3C2 /* AutoLayoutExtension.swift */,
				EF4165872BAEA804007BB3C2 /* ConfigurableProtocol.swift */,
				EF41659D2BAECD66007BB3C2 /* CustomColorsEnum.swift */,
			);
			path = Helpers;
			sourceTree = "<group>";
		};
		EF41659B2BAEBCD4007BB3C2 /* CurrentWeather */ = {
			isa = PBXGroup;
			children = (
				EF4165972BAEBCB2007BB3C2 /* CurrentWeatherTableCell.swift */,
				EF4165992BAEBCCA007BB3C2 /* CurrentWeatherTableCellModel.swift */,
			);
			path = CurrentWeather;
			sourceTree = "<group>";
		};
		EF41659C2BAEBD6E007BB3C2 /* DailyWeather */ = {
			isa = PBXGroup;
			children = (
				EF4165932BAEBBCE007BB3C2 /* DailyWeatherTableCell.swift */,
				EF4165952BAEBBE7007BB3C2 /* DailyWeatherTableCellModel.swift */,
			);
			path = DailyWeather;
			sourceTree = "<group>";
		};
/* End PBXGroup section */

/* Begin PBXNativeTarget section */
		EF4165622BAE9D75007BB3C2 /* VKWeather */ = {
			isa = PBXNativeTarget;
			buildConfigurationList = EF4165772BAE9D78007BB3C2 /* Build configuration list for PBXNativeTarget "VKWeather" */;
			buildPhases = (
				EF41655F2BAE9D75007BB3C2 /* Sources */,
				EF4165602BAE9D75007BB3C2 /* Frameworks */,
				EF4165612BAE9D75007BB3C2 /* Resources */,
			);
			buildRules = (
			);
			dependencies = (
			);
			name = VKWeather;
			productName = VKWeather;
			productReference = EF4165632BAE9D75007BB3C2 /* VKWeather.app */;
			productType = "com.apple.product-type.application";
		};
/* End PBXNativeTarget section */

/* Begin PBXProject section */
		EF41655B2BAE9D75007BB3C2 /* Project object */ = {
			isa = PBXProject;
			attributes = {
				BuildIndependentTargetsInParallel = 1;
				LastSwiftUpdateCheck = 1530;
				LastUpgradeCheck = 1530;
				TargetAttributes = {
					EF4165622BAE9D75007BB3C2 = {
						CreatedOnToolsVersion = 15.3;
					};
				};
			};
			buildConfigurationList = EF41655E2BAE9D75007BB3C2 /* Build configuration list for PBXProject "VKWeather" */;
			compatibilityVersion = "Xcode 14.0";
			developmentRegion = en;
			hasScannedForEncodings = 0;
			knownRegions = (
				en,
				Base,
			);
			mainGroup = EF41655A2BAE9D75007BB3C2;
			productRefGroup = EF4165642BAE9D75007BB3C2 /* Products */;
			projectDirPath = "";
			projectRoot = "";
			targets = (
				EF4165622BAE9D75007BB3C2 /* VKWeather */,
			);
		};
/* End PBXProject section */

/* Begin PBXResourcesBuildPhase section */
		EF4165612BAE9D75007BB3C2 /* Resources */ = {
			isa = PBXResourcesBuildPhase;
			buildActionMask = 2147483647;
			files = (
				EF4165A82BAEE255007BB3C2 /* Keys.plist in Resources */,
				EF4165702BAE9D78007BB3C2 /* Assets.xcassets in Resources */,
			);
			runOnlyForDeploymentPostprocessing = 0;
		};
/* End PBXResourcesBuildPhase section */

/* Begin PBXSourcesBuildPhase section */
		EF41655F2BAE9D75007BB3C2 /* Sources */ = {
			isa = PBXSourcesBuildPhase;
			buildActionMask = 2147483647;
			files = (
				EF4165882BAEA804007BB3C2 /* ConfigurableProtocol.swift in Sources */,
				EF41658C2BAEAA61007BB3C2 /* MainScreenViewModel.swift in Sources */,
				EF4165902BAEB17A007BB3C2 /* LocationSelectorView.swift in Sources */,
				EF4165982BAEBCB2007BB3C2 /* CurrentWeatherTableCell.swift in Sources */,
				EF4165942BAEBBCE007BB3C2 /* DailyWeatherTableCell.swift in Sources */,
				EF41657F2BAEA11B007BB3C2 /* Coordinator.swift in Sources */,
				EF4165A22BAEDD0A007BB3C2 /* CurrentWeatherModel.swift in Sources */,
				EF4165A62BAEDDE3007BB3C2 /* ForecastService.swift in Sources */,
				EF4165862BAEA7D3007BB3C2 /* AutoLayoutExtension.swift in Sources */,
				EF41658A2BAEAA4F007BB3C2 /* MainScreenView.swift in Sources */,
				EF41658E2BAEB158007BB3C2 /* LocationService.swift in Sources */,
				EF4165672BAE9D75007BB3C2 /* AppDelegate.swift in Sources */,
				EF4165922BAEB19E007BB3C2 /* LocationSelectorViewModel.swift in Sources */,
				EF41659A2BAEBCCA007BB3C2 /* CurrentWeatherTableCellModel.swift in Sources */,
				EFC0967D2BAF30A70077CAC5 /* DailyWeatherModel.swift in Sources */,
				EF4165812BAEA182007BB3C2 /* MainCoordinator.swift in Sources */,
				EF4165692BAE9D75007BB3C2 /* SceneDelegate.swift in Sources */,
				EF4165A02BAED4AC007BB3C2 /* WeatherIcon.swift in Sources */,
				EF4165962BAEBBE7007BB3C2 /* DailyWeatherTableCellModel.swift in Sources */,
				EF4165832BAEA1FA007BB3C2 /* MainFabric.swift in Sources */,
				EF41659E2BAECD66007BB3C2 /* CustomColorsEnum.swift in Sources */,
			);
			runOnlyForDeploymentPostprocessing = 0;
		};
/* End PBXSourcesBuildPhase section */

/* Begin XCBuildConfiguration section */
		EF4165752BAE9D78007BB3C2 /* Debug */ = {
			isa = XCBuildConfiguration;
			buildSettings = {
				ALWAYS_SEARCH_USER_PATHS = NO;
				ASSETCATALOG_COMPILER_GENERATE_SWIFT_ASSET_SYMBOL_EXTENSIONS = YES;
				CLANG_ANALYZER_NONNULL = YES;
				CLANG_ANALYZER_NUMBER_OBJECT_CONVERSION = YES_AGGRESSIVE;
				CLANG_CXX_LANGUAGE_STANDARD = "gnu++20";
				CLANG_ENABLE_MODULES = YES;
				CLANG_ENABLE_OBJC_ARC = YES;
				CLANG_ENABLE_OBJC_WEAK = YES;
				CLANG_WARN_BLOCK_CAPTURE_AUTORELEASING = YES;
				CLANG_WARN_BOOL_CONVERSION = YES;
				CLANG_WARN_COMMA = YES;
				CLANG_WARN_CONSTANT_CONVERSION = YES;
				CLANG_WARN_DEPRECATED_OBJC_IMPLEMENTATIONS = YES;
				CLANG_WARN_DIRECT_OBJC_ISA_USAGE = YES_ERROR;
				CLANG_WARN_DOCUMENTATION_COMMENTS = YES;
				CLANG_WARN_EMPTY_BODY = YES;
				CLANG_WARN_ENUM_CONVERSION = YES;
				CLANG_WARN_INFINITE_RECURSION = YES;
				CLANG_WARN_INT_CONVERSION = YES;
				CLANG_WARN_NON_LITERAL_NULL_CONVERSION = YES;
				CLANG_WARN_OBJC_IMPLICIT_RETAIN_SELF = YES;
				CLANG_WARN_OBJC_LITERAL_CONVERSION = YES;
				CLANG_WARN_OBJC_ROOT_CLASS = YES_ERROR;
				CLANG_WARN_QUOTED_INCLUDE_IN_FRAMEWORK_HEADER = YES;
				CLANG_WARN_RANGE_LOOP_ANALYSIS = YES;
				CLANG_WARN_STRICT_PROTOTYPES = YES;
				CLANG_WARN_SUSPICIOUS_MOVE = YES;
				CLANG_WARN_UNGUARDED_AVAILABILITY = YES_AGGRESSIVE;
				CLANG_WARN_UNREACHABLE_CODE = YES;
				CLANG_WARN__DUPLICATE_METHOD_MATCH = YES;
				COPY_PHASE_STRIP = NO;
				DEBUG_INFORMATION_FORMAT = dwarf;
				ENABLE_STRICT_OBJC_MSGSEND = YES;
				ENABLE_TESTABILITY = YES;
				ENABLE_USER_SCRIPT_SANDBOXING = YES;
				GCC_C_LANGUAGE_STANDARD = gnu17;
				GCC_DYNAMIC_NO_PIC = NO;
				GCC_NO_COMMON_BLOCKS = YES;
				GCC_OPTIMIZATION_LEVEL = 0;
				GCC_PREPROCESSOR_DEFINITIONS = (
					"DEBUG=1",
					"$(inherited)",
				);
				GCC_WARN_64_TO_32_BIT_CONVERSION = YES;
				GCC_WARN_ABOUT_RETURN_TYPE = YES_ERROR;
				GCC_WARN_UNDECLARED_SELECTOR = YES;
				GCC_WARN_UNINITIALIZED_AUTOS = YES_AGGRESSIVE;
				GCC_WARN_UNUSED_FUNCTION = YES;
				GCC_WARN_UNUSED_VARIABLE = YES;
				IPHONEOS_DEPLOYMENT_TARGET = 17.4;
				LOCALIZATION_PREFERS_STRING_CATALOGS = YES;
				MTL_ENABLE_DEBUG_INFO = INCLUDE_SOURCE;
				MTL_FAST_MATH = YES;
				ONLY_ACTIVE_ARCH = YES;
				SDKROOT = iphoneos;
				SWIFT_ACTIVE_COMPILATION_CONDITIONS = "DEBUG $(inherited)";
				SWIFT_OPTIMIZATION_LEVEL = "-Onone";
			};
			name = Debug;
		};
		EF4165762BAE9D78007BB3C2 /* Release */ = {
			isa = XCBuildConfiguration;
			buildSettings = {
				ALWAYS_SEARCH_USER_PATHS = NO;
				ASSETCATALOG_COMPILER_GENERATE_SWIFT_ASSET_SYMBOL_EXTENSIONS = YES;
				CLANG_ANALYZER_NONNULL = YES;
				CLANG_ANALYZER_NUMBER_OBJECT_CONVERSION = YES_AGGRESSIVE;
				CLANG_CXX_LANGUAGE_STANDARD = "gnu++20";
				CLANG_ENABLE_MODULES = YES;
				CLANG_ENABLE_OBJC_ARC = YES;
				CLANG_ENABLE_OBJC_WEAK = YES;
				CLANG_WARN_BLOCK_CAPTURE_AUTORELEASING = YES;
				CLANG_WARN_BOOL_CONVERSION = YES;
				CLANG_WARN_COMMA = YES;
				CLANG_WARN_CONSTANT_CONVERSION = YES;
				CLANG_WARN_DEPRECATED_OBJC_IMPLEMENTATIONS = YES;
				CLANG_WARN_DIRECT_OBJC_ISA_USAGE = YES_ERROR;
				CLANG_WARN_DOCUMENTATION_COMMENTS = YES;
				CLANG_WARN_EMPTY_BODY = YES;
				CLANG_WARN_ENUM_CONVERSION = YES;
				CLANG_WARN_INFINITE_RECURSION = YES;
				CLANG_WARN_INT_CONVERSION = YES;
				CLANG_WARN_NON_LITERAL_NULL_CONVERSION = YES;
				CLANG_WARN_OBJC_IMPLICIT_RETAIN_SELF = YES;
				CLANG_WARN_OBJC_LITERAL_CONVERSION = YES;
				CLANG_WARN_OBJC_ROOT_CLASS = YES_ERROR;
				CLANG_WARN_QUOTED_INCLUDE_IN_FRAMEWORK_HEADER = YES;
				CLANG_WARN_RANGE_LOOP_ANALYSIS = YES;
				CLANG_WARN_STRICT_PROTOTYPES = YES;
				CLANG_WARN_SUSPICIOUS_MOVE = YES;
				CLANG_WARN_UNGUARDED_AVAILABILITY = YES_AGGRESSIVE;
				CLANG_WARN_UNREACHABLE_CODE = YES;
				CLANG_WARN__DUPLICATE_METHOD_MATCH = YES;
				COPY_PHASE_STRIP = NO;
				DEBUG_INFORMATION_FORMAT = "dwarf-with-dsym";
				ENABLE_NS_ASSERTIONS = NO;
				ENABLE_STRICT_OBJC_MSGSEND = YES;
				ENABLE_USER_SCRIPT_SANDBOXING = YES;
				GCC_C_LANGUAGE_STANDARD = gnu17;
				GCC_NO_COMMON_BLOCKS = YES;
				GCC_WARN_64_TO_32_BIT_CONVERSION = YES;
				GCC_WARN_ABOUT_RETURN_TYPE = YES_ERROR;
				GCC_WARN_UNDECLARED_SELECTOR = YES;
				GCC_WARN_UNINITIALIZED_AUTOS = YES_AGGRESSIVE;
				GCC_WARN_UNUSED_FUNCTION = YES;
				GCC_WARN_UNUSED_VARIABLE = YES;
				IPHONEOS_DEPLOYMENT_TARGET = 17.4;
				LOCALIZATION_PREFERS_STRING_CATALOGS = YES;
				MTL_ENABLE_DEBUG_INFO = NO;
				MTL_FAST_MATH = YES;
				SDKROOT = iphoneos;
				SWIFT_COMPILATION_MODE = wholemodule;
				VALIDATE_PRODUCT = YES;
			};
			name = Release;
		};
		EF4165782BAE9D78007BB3C2 /* Debug */ = {
			isa = XCBuildConfiguration;
			buildSettings = {
				ASSETCATALOG_COMPILER_APPICON_NAME = AppIcon;
				ASSETCATALOG_COMPILER_GLOBAL_ACCENT_COLOR_NAME = AccentColor;
				CODE_SIGN_STYLE = Automatic;
				CURRENT_PROJECT_VERSION = 1;
				DEVELOPMENT_TEAM = A38548G3Y3;
				GENERATE_INFOPLIST_FILE = YES;
				INFOPLIST_FILE = VKWeather/Info.plist;
				INFOPLIST_KEY_NSLocationWhenInUseUsageDescription = "";
				INFOPLIST_KEY_UIApplicationSupportsIndirectInputEvents = YES;
				INFOPLIST_KEY_UILaunchStoryboardName = LaunchScreen;
				INFOPLIST_KEY_UISupportedInterfaceOrientations_iPad = "UIInterfaceOrientationPortrait UIInterfaceOrientationPortraitUpsideDown UIInterfaceOrientationLandscapeLeft UIInterfaceOrientationLandscapeRight";
				INFOPLIST_KEY_UISupportedInterfaceOrientations_iPhone = "UIInterfaceOrientationPortrait UIInterfaceOrientationLandscapeLeft UIInterfaceOrientationLandscapeRight";
				LD_RUNPATH_SEARCH_PATHS = (
					"$(inherited)",
					"@executable_path/Frameworks",
				);
				MARKETING_VERSION = 1.0;
				PRODUCT_BUNDLE_IDENTIFIER = com.idontknowwhatimdoing.VKWeather;
				PRODUCT_NAME = "$(TARGET_NAME)";
				SWIFT_EMIT_LOC_STRINGS = YES;
				SWIFT_VERSION = 5.0;
				TARGETED_DEVICE_FAMILY = "1,2";
			};
			name = Debug;
		};
		EF4165792BAE9D78007BB3C2 /* Release */ = {
			isa = XCBuildConfiguration;
			buildSettings = {
				ASSETCATALOG_COMPILER_APPICON_NAME = AppIcon;
				ASSETCATALOG_COMPILER_GLOBAL_ACCENT_COLOR_NAME = AccentColor;
				CODE_SIGN_STYLE = Automatic;
				CURRENT_PROJECT_VERSION = 1;
				DEVELOPMENT_TEAM = A38548G3Y3;
				GENERATE_INFOPLIST_FILE = YES;
				INFOPLIST_FILE = VKWeather/Info.plist;
				INFOPLIST_KEY_NSLocationWhenInUseUsageDescription = "";
				INFOPLIST_KEY_UIApplicationSupportsIndirectInputEvents = YES;
				INFOPLIST_KEY_UILaunchStoryboardName = LaunchScreen;
				INFOPLIST_KEY_UISupportedInterfaceOrientations_iPad = "UIInterfaceOrientationPortrait UIInterfaceOrientationPortraitUpsideDown UIInterfaceOrientationLandscapeLeft UIInterfaceOrientationLandscapeRight";
				INFOPLIST_KEY_UISupportedInterfaceOrientations_iPhone = "UIInterfaceOrientationPortrait UIInterfaceOrientationLandscapeLeft UIInterfaceOrientationLandscapeRight";
				LD_RUNPATH_SEARCH_PATHS = (
					"$(inherited)",
					"@executable_path/Frameworks",
				);
				MARKETING_VERSION = 1.0;
				PRODUCT_BUNDLE_IDENTIFIER = com.idontknowwhatimdoing.VKWeather;
				PRODUCT_NAME = "$(TARGET_NAME)";
				SWIFT_EMIT_LOC_STRINGS = YES;
				SWIFT_VERSION = 5.0;
				TARGETED_DEVICE_FAMILY = "1,2";
			};
			name = Release;
		};
/* End XCBuildConfiguration section */

/* Begin XCConfigurationList section */
		EF41655E2BAE9D75007BB3C2 /* Build configuration list for PBXProject "VKWeather" */ = {
			isa = XCConfigurationList;
			buildConfigurations = (
				EF4165752BAE9D78007BB3C2 /* Debug */,
				EF4165762BAE9D78007BB3C2 /* Release */,
			);
			defaultConfigurationIsVisible = 0;
			defaultConfigurationName = Release;
		};
		EF4165772BAE9D78007BB3C2 /* Build configuration list for PBXNativeTarget "VKWeather" */ = {
			isa = XCConfigurationList;
			buildConfigurations = (
				EF4165782BAE9D78007BB3C2 /* Debug */,
				EF4165792BAE9D78007BB3C2 /* Release */,
			);
			defaultConfigurationIsVisible = 0;
			defaultConfigurationName = Release;
		};
/* End XCConfigurationList section */
	};
	rootObject = EF41655B2BAE9D75007BB3C2 /* Project object */;
}
